
Microsoft Visual Studio Solution File, Format Version 9.00
# Visual Studio 2005
Project("{8BC9CEB8-8B4A-11D0-8D11-00A0C91BC942}") = "MBus", "MBus\MBus.vcproj", "{C8DA4D2C-BA37-4786-B9F0-C4B52F1A51CE}"
	ProjectSection(ProjectDependencies) = postProject
		{CB6D17B5-9C0B-4D40-9969-DF95009BCFF3} = {CB6D17B5-9C0B-4D40-9969-DF95009BCFF3}
	EndProjectSection
EndProject
Project("{8BC9CEB8-8B4A-11D0-8D11-00A0C91BC942}") = "UFC", "UFC\UFC.vcproj", "{CB6D17B5-9C0B-4D40-9969-DF95009BCFF3}"
EndProject
Project("{8BC9CEB8-8B4A-11D0-8D11-00A0C91BC942}") = "SpeedyAgent", "SpeedyAgent\SpeedyAgent.vcproj", "{F9FC191A-DF6D-4529-AFCE-6646B5EB33D5}"
	ProjectSection(ProjectDependencies) = postProject
		{CB6D17B5-9C0B-4D40-9969-DF95009BCFF3} = {CB6D17B5-9C0B-4D40-9969-DF95009BCFF3}
	EndProjectSection
EndProject
Project("{2150E333-8FDC-42A3-9474-1A3956D46DE8}") = "MBus Projects", "MBus Projects", "{E4F23A83-D891-4703-A9DE-014642FFD9EC}"
EndProject
Project("{2150E333-8FDC-42A3-9474-1A3956D46DE8}") = "Speedy Solution", "Speedy Solution", "{DFD40987-49AD-48A2-AA62-2CB6B9BECE59}"
EndProject
Project("{8BC9CEB8-8B4A-11D0-8D11-00A0C91BC942}") = "SpeedyManager", "SpeedyManager\SpeedyManager.vcproj", "{FEFD2062-F8C2-44DE-8B0A-A2595DC78F8F}"
	ProjectSection(ProjectDependencies) = postProject
		{CB6D17B5-9C0B-4D40-9969-DF95009BCFF3} = {CB6D17B5-9C0B-4D40-9969-DF95009BCFF3}
	EndProjectSection
EndProject
Project("{8BC9CEB8-8B4A-11D0-8D11-00A0C91BC942}") = "SpeedyLauncher", "SpeedyLauncher\SpeedyLauncher.vcproj", "{D6974412-A511-4890-A78B-843E6B51A8BE}"
	ProjectSection(ProjectDependencies) = postProject
		{CB6D17B5-9C0B-4D40-9969-DF95009BCFF3} = {CB6D17B5-9C0B-4D40-9969-DF95009BCFF3}
	EndProjectSection
EndProject
Project("{8BC9CEB8-8B4A-11D0-8D11-00A0C91BC942}") = "AccountLocker", "..\AccountLocker\AccountLocker.vcproj", "{F7C5A2A0-4676-4304-A618-6CA74A81AB62}"
EndProject
Project("{8BC9CEB8-8B4A-11D0-8D11-00A0C91BC942}") = "AccountLockerPS", "..\AccountLocker\AccountLockerPS.vcproj", "{0887EB05-3C47-4320-B16A-30B25C0FF6D3}"
	ProjectSection(ProjectDependencies) = postProject
		{F7C5A2A0-4676-4304-A618-6CA74A81AB62} = {F7C5A2A0-4676-4304-A618-6CA74A81AB62}
	EndProjectSection
EndProject
Project("{FAE04EC0-301F-11D3-BF4B-00C04F79EFBC}") = "AccountLockerGUI", "AccountLockerGUI\AccountLockerGUI.csproj", "{39546416-E693-4796-AD0C-C39C195963E3}"
EndProject
Project("{2150E333-8FDC-42A3-9474-1A3956D46DE8}") = "FuHwa", "FuHwa", "{B2DB1223-30CE-4888-B89A-43C5B5797DDC}"
EndProject
Project("{FAE04EC0-301F-11D3-BF4B-00C04F79EFBC}") = "RecoverGUI", "RecoverGUI\RecoverGUI.csproj", "{3260879C-8461-4F0C-B154-5798D5660EAB}"
EndProject
Project("{8BC9CEB8-8B4A-11D0-8D11-00A0C91BC942}") = "SpeedyGateway", "SpeedyGateway\SpeedyGateway.vcproj", "{2FAF8740-D612-4E17-A8B3-6DCE7C6174D4}"
	ProjectSection(ProjectDependencies) = postProject
		{CB6D17B5-9C0B-4D40-9969-DF95009BCFF3} = {CB6D17B5-9C0B-4D40-9969-DF95009BCFF3}
	EndProjectSection
EndProject
Project("{8BC9CEB8-8B4A-11D0-8D11-00A0C91BC942}") = "TAIFEXLib", "TAIFEXLib\TAIFEXLib.vcproj", "{32EEB36D-08CB-4847-8361-F1877E538D43}"
EndProject
Project("{8BC9CEB8-8B4A-11D0-8D11-00A0C91BC942}") = "SpeedyTAIFEX", "SpeedyTAIFEX\SpeedyTAIFEX.vcproj", "{8C505E51-076C-4F6E-9539-83ABF9F465D4}"
	ProjectSection(ProjectDependencies) = postProject
		{CB6D17B5-9C0B-4D40-9969-DF95009BCFF3} = {CB6D17B5-9C0B-4D40-9969-DF95009BCFF3}
		{32EEB36D-08CB-4847-8361-F1877E538D43} = {32EEB36D-08CB-4847-8361-F1877E538D43}
	EndProjectSection
EndProject
Project("{2150E333-8FDC-42A3-9474-1A3956D46DE8}") = "Speedy", "Speedy", "{2B733CFA-970A-4774-BD5B-F5F0BFC15C84}"
EndProject
Global
	GlobalSection(SolutionConfigurationPlatforms) = preSolution
		Debug|Any CPU = Debug|Any CPU
		Debug|Mixed Platforms = Debug|Mixed Platforms
		Debug|Win32 = Debug|Win32
		Release|Any CPU = Release|Any CPU
		Release|Mixed Platforms = Release|Mixed Platforms
		Release|Win32 = Release|Win32
	EndGlobalSection
	GlobalSection(ProjectConfigurationPlatforms) = postSolution
		{C8DA4D2C-BA37-4786-B9F0-C4B52F1A51CE}.Debug|Any CPU.ActiveCfg = Debug|Win32
		{C8DA4D2C-BA37-4786-B9F0-C4B52F1A51CE}.Debug|Mixed Platforms.ActiveCfg = Debug|Win32
		{C8DA4D2C-BA37-4786-B9F0-C4B52F1A51CE}.Debug|Mixed Platforms.Build.0 = Debug|Win32
		{C8DA4D2C-BA37-4786-B9F0-C4B52F1A51CE}.Debug|Win32.ActiveCfg = Debug|Win32
		{C8DA4D2C-BA37-4786-B9F0-C4B52F1A51CE}.Debug|Win32.Build.0 = Debug|Win32
		{C8DA4D2C-BA37-4786-B9F0-C4B52F1A51CE}.Release|Any CPU.ActiveCfg = Release|Win32
		{C8DA4D2C-BA37-4786-B9F0-C4B52F1A51CE}.Release|Mixed Platforms.ActiveCfg = Release|Win32
		{C8DA4D2C-BA37-4786-B9F0-C4B52F1A51CE}.Release|Mixed Platforms.Build.0 = Release|Win32
		{C8DA4D2C-BA37-4786-B9F0-C4B52F1A51CE}.Release|Win32.ActiveCfg = Release|Win32
		{C8DA4D2C-BA37-4786-B9F0-C4B52F1A51CE}.Release|Win32.Build.0 = Release|Win32
		{CB6D17B5-9C0B-4D40-9969-DF95009BCFF3}.Debug|Any CPU.ActiveCfg = Debug|Win32
		{CB6D17B5-9C0B-4D40-9969-DF95009BCFF3}.Debug|Mixed Platforms.ActiveCfg = Debug|Win32
		{CB6D17B5-9C0B-4D40-9969-DF95009BCFF3}.Debug|Mixed Platforms.Build.0 = Debug|Win32
		{CB6D17B5-9C0B-4D40-9969-DF95009BCFF3}.Debug|Win32.ActiveCfg = Debug|Win32
		{CB6D17B5-9C0B-4D40-9969-DF95009BCFF3}.Debug|Win32.Build.0 = Debug|Win32
		{CB6D17B5-9C0B-4D40-9969-DF95009BCFF3}.Release|Any CPU.ActiveCfg = Release|Win32
		{CB6D17B5-9C0B-4D40-9969-DF95009BCFF3}.Release|Mixed Platforms.ActiveCfg = Release|Win32
		{CB6D17B5-9C0B-4D40-9969-DF95009BCFF3}.Release|Mixed Platforms.Build.0 = Release|Win32
		{CB6D17B5-9C0B-4D40-9969-DF95009BCFF3}.Release|Win32.ActiveCfg = Release|Win32
		{CB6D17B5-9C0B-4D40-9969-DF95009BCFF3}.Release|Win32.Build.0 = Release|Win32
		{F9FC191A-DF6D-4529-AFCE-6646B5EB33D5}.Debug|Any CPU.ActiveCfg = Debug|Win32
		{F9FC191A-DF6D-4529-AFCE-6646B5EB33D5}.Debug|Mixed Platforms.ActiveCfg = Debug|Win32
		{F9FC191A-DF6D-4529-AFCE-6646B5EB33D5}.Debug|Mixed Platforms.Build.0 = Debug|Win32
		{F9FC191A-DF6D-4529-AFCE-6646B5EB33D5}.Debug|Win32.ActiveCfg = Debug|Win32
		{F9FC191A-DF6D-4529-AFCE-6646B5EB33D5}.Debug|Win32.Build.0 = Debug|Win32
		{F9FC191A-DF6D-4529-AFCE-6646B5EB33D5}.Release|Any CPU.ActiveCfg = Release|Win32
		{F9FC191A-DF6D-4529-AFCE-6646B5EB33D5}.Release|Mixed Platforms.ActiveCfg = Release|Win32
		{F9FC191A-DF6D-4529-AFCE-6646B5EB33D5}.Release|Mixed Platforms.Build.0 = Release|Win32
		{F9FC191A-DF6D-4529-AFCE-6646B5EB33D5}.Release|Win32.ActiveCfg = Release|Win32
		{F9FC191A-DF6D-4529-AFCE-6646B5EB33D5}.Release|Win32.Build.0 = Release|Win32
		{FEFD2062-F8C2-44DE-8B0A-A2595DC78F8F}.Debug|Any CPU.ActiveCfg = Debug|Win32
		{FEFD2062-F8C2-44DE-8B0A-A2595DC78F8F}.Debug|Mixed Platforms.ActiveCfg = Debug|Win32
		{FEFD2062-F8C2-44DE-8B0A-A2595DC78F8F}.Debug|Mixed Platforms.Build.0 = Debug|Win32
		{FEFD2062-F8C2-44DE-8B0A-A2595DC78F8F}.Debug|Win32.ActiveCfg = Debug|Win32
		{FEFD2062-F8C2-44DE-8B0A-A2595DC78F8F}.Debug|Win32.Build.0 = Debug|Win32
		{FEFD2062-F8C2-44DE-8B0A-A2595DC78F8F}.Release|Any CPU.ActiveCfg = Release|Win32
		{FEFD2062-F8C2-44DE-8B0A-A2595DC78F8F}.Release|Mixed Platforms.ActiveCfg = Release|Win32
		{FEFD2062-F8C2-44DE-8B0A-A2595DC78F8F}.Release|Mixed Platforms.Build.0 = Release|Win32
		{FEFD2062-F8C2-44DE-8B0A-A2595DC78F8F}.Release|Win32.ActiveCfg = Release|Win32
		{FEFD2062-F8C2-44DE-8B0A-A2595DC78F8F}.Release|Win32.Build.0 = Release|Win32
		{D6974412-A511-4890-A78B-843E6B51A8BE}.Debug|Any CPU.ActiveCfg = Debug|Win32
		{D6974412-A511-4890-A78B-843E6B51A8BE}.Debug|Mixed Platforms.ActiveCfg = Debug|Win32
		{D6974412-A511-4890-A78B-843E6B51A8BE}.Debug|Mixed Platforms.Build.0 = Debug|Win32
		{D6974412-A511-4890-A78B-843E6B51A8BE}.Debug|Win32.ActiveCfg = Debug|Win32
		{D6974412-A511-4890-A78B-843E6B51A8BE}.Debug|Win32.Build.0 = Debug|Win32
		{D6974412-A511-4890-A78B-843E6B51A8BE}.Release|Any CPU.ActiveCfg = Release|Win32
		{D6974412-A511-4890-A78B-843E6B51A8BE}.Release|Mixed Platforms.ActiveCfg = Release|Win32
		{D6974412-A511-4890-A78B-843E6B51A8BE}.Release|Mixed Platforms.Build.0 = Release|Win32
		{D6974412-A511-4890-A78B-843E6B51A8BE}.Release|Win32.ActiveCfg = Release|Win32
		{D6974412-A511-4890-A78B-843E6B51A8BE}.Release|Win32.Build.0 = Release|Win32
		{F7C5A2A0-4676-4304-A618-6CA74A81AB62}.Debug|Any CPU.ActiveCfg = Debug|Win32
		{F7C5A2A0-4676-4304-A618-6CA74A81AB62}.Debug|Mixed Platforms.ActiveCfg = Debug|Win32
		{F7C5A2A0-4676-4304-A618-6CA74A81AB62}.Debug|Mixed Platforms.Build.0 = Debug|Win32
		{F7C5A2A0-4676-4304-A618-6CA74A81AB62}.Debug|Win32.ActiveCfg = Debug|Win32
		{F7C5A2A0-4676-4304-A618-6CA74A81AB62}.Debug|Win32.Build.0 = Debug|Win32
		{F7C5A2A0-4676-4304-A618-6CA74A81AB62}.Release|Any CPU.ActiveCfg = Release|Win32
		{F7C5A2A0-4676-4304-A618-6CA74A81AB62}.Release|Mixed Platforms.ActiveCfg = Release|Win32
		{F7C5A2A0-4676-4304-A618-6CA74A81AB62}.Release|Mixed Platforms.Build.0 = Release|Win32
		{F7C5A2A0-4676-4304-A618-6CA74A81AB62}.Release|Win32.ActiveCfg = Release|Win32
		{F7C5A2A0-4676-4304-A618-6CA74A81AB62}.Release|Win32.Build.0 = Release|Win32
		{0887EB05-3C47-4320-B16A-30B25C0FF6D3}.Debug|Any CPU.ActiveCfg = Debug|Win32
		{0887EB05-3C47-4320-B16A-30B25C0FF6D3}.Debug|Mixed Platforms.ActiveCfg = Debug|Win32
		{0887EB05-3C47-4320-B16A-30B25C0FF6D3}.Debug|Mixed Platforms.Build.0 = Debug|Win32
		{0887EB05-3C47-4320-B16A-30B25C0FF6D3}.Debug|Win32.ActiveCfg = Debug|Win32
		{0887EB05-3C47-4320-B16A-30B25C0FF6D3}.Release|Any CPU.ActiveCfg = Release|Win32
		{0887EB05-3C47-4320-B16A-30B25C0FF6D3}.Release|Mixed Platforms.ActiveCfg = Release|Win32
		{0887EB05-3C47-4320-B16A-30B25C0FF6D3}.Release|Mixed Platforms.Build.0 = Release|Win32
		{0887EB05-3C47-4320-B16A-30B25C0FF6D3}.Release|Win32.ActiveCfg = Release|Win32
		{39546416-E693-4796-AD0C-C39C195963E3}.Debug|Any CPU.ActiveCfg = Debug|Any CPU
		{39546416-E693-4796-AD0C-C39C195963E3}.Debug|Any CPU.Build.0 = Debug|Any CPU
		{39546416-E693-4796-AD0C-C39C195963E3}.Debug|Mixed Platforms.ActiveCfg = Debug|Any CPU
		{39546416-E693-4796-AD0C-C39C195963E3}.Debug|Mixed Platforms.Build.0 = Debug|Any CPU
		{39546416-E693-4796-AD0C-C39C195963E3}.Debug|Win32.ActiveCfg = Debug|Any CPU
		{39546416-E693-4796-AD0C-C39C195963E3}.Release|Any CPU.ActiveCfg = Release|Any CPU
		{39546416-E693-4796-AD0C-C39C195963E3}.Release|Any CPU.Build.0 = Release|Any CPU
		{39546416-E693-4796-AD0C-C39C195963E3}.Release|Mixed Platforms.ActiveCfg = Release|Any CPU
		{39546416-E693-4796-AD0C-C39C195963E3}.Release|Mixed Platforms.Build.0 = Release|Any CPU
		{39546416-E693-4796-AD0C-C39C195963E3}.Release|Win32.ActiveCfg = Release|Any CPU
		{3260879C-8461-4F0C-B154-5798D5660EAB}.Debug|Any CPU.ActiveCfg = Debug|Any CPU
		{3260879C-8461-4F0C-B154-5798D5660EAB}.Debug|Any CPU.Build.0 = Debug|Any CPU
		{3260879C-8461-4F0C-B154-5798D5660EAB}.Debug|Mixed Platforms.ActiveCfg = Debug|Any CPU
		{3260879C-8461-4F0C-B154-5798D5660EAB}.Debug|Mixed Platforms.Build.0 = Debug|Any CPU
		{3260879C-8461-4F0C-B154-5798D5660EAB}.Debug|Win32.ActiveCfg = Debug|Any CPU
		{3260879C-8461-4F0C-B154-5798D5660EAB}.Release|Any CPU.ActiveCfg = Release|Any CPU
		{3260879C-8461-4F0C-B154-5798D5660EAB}.Release|Any CPU.Build.0 = Release|Any CPU
		{3260879C-8461-4F0C-B154-5798D5660EAB}.Release|Mixed Platforms.ActiveCfg = Release|Any CPU
		{3260879C-8461-4F0C-B154-5798D5660EAB}.Release|Mixed Platforms.Build.0 = Release|Any CPU
		{3260879C-8461-4F0C-B154-5798D5660EAB}.Release|Win32.ActiveCfg = Release|Any CPU
		{2FAF8740-D612-4E17-A8B3-6DCE7C6174D4}.Debug|Any CPU.ActiveCfg = Debug|Win32
		{2FAF8740-D612-4E17-A8B3-6DCE7C6174D4}.Debug|Mixed Platforms.ActiveCfg = Debug|Win32
		{2FAF8740-D612-4E17-A8B3-6DCE7C6174D4}.Debug|Mixed Platforms.Build.0 = Debug|Win32
		{2FAF8740-D612-4E17-A8B3-6DCE7C6174D4}.Debug|Win32.ActiveCfg = Debug|Win32
		{2FAF8740-D612-4E17-A8B3-6DCE7C6174D4}.Debug|Win32.Build.0 = Debug|Win32
		{2FAF8740-D612-4E17-A8B3-6DCE7C6174D4}.Release|Any CPU.ActiveCfg = Release|Win32
		{2FAF8740-D612-4E17-A8B3-6DCE7C6174D4}.Release|Mixed Platforms.ActiveCfg = Release|Win32
		{2FAF8740-D612-4E17-A8B3-6DCE7C6174D4}.Release|Mixed Platforms.Build.0 = Release|Win32
		{2FAF8740-D612-4E17-A8B3-6DCE7C6174D4}.Release|Win32.ActiveCfg = Release|Win32
		{2FAF8740-D612-4E17-A8B3-6DCE7C6174D4}.Release|Win32.Build.0 = Release|Win32
		{32EEB36D-08CB-4847-8361-F1877E538D43}.Debug|Any CPU.ActiveCfg = Debug|Win32
		{32EEB36D-08CB-4847-8361-F1877E538D43}.Debug|Mixed Platforms.ActiveCfg = Debug|Win32
		{32EEB36D-08CB-4847-8361-F1877E538D43}.Debug|Mixed Platforms.Build.0 = Debug|Win32
		{32EEB36D-08CB-4847-8361-F1877E538D43}.Debug|Win32.ActiveCfg = Debug|Win32
		{32EEB36D-08CB-4847-8361-F1877E538D43}.Debug|Win32.Build.0 = Debug|Win32
		{32EEB36D-08CB-4847-8361-F1877E538D43}.Release|Any CPU.ActiveCfg = Release|Win32
		{32EEB36D-08CB-4847-8361-F1877E538D43}.Release|Mixed Platforms.ActiveCfg = Release|Win32
		{32EEB36D-08CB-4847-8361-F1877E538D43}.Release|Mixed Platforms.Build.0 = Release|Win32
		{32EEB36D-08CB-4847-8361-F1877E538D43}.Release|Win32.ActiveCfg = Release|Win32
		{32EEB36D-08CB-4847-8361-F1877E538D43}.Release|Win32.Build.0 = Release|Win32
		{8C505E51-076C-4F6E-9539-83ABF9F465D4}.Debug|Any CPU.ActiveCfg = Debug|Win32
		{8C505E51-076C-4F6E-9539-83ABF9F465D4}.Debug|Mixed Platforms.ActiveCfg = Debug|Win32
		{8C505E51-076C-4F6E-9539-83ABF9F465D4}.Debug|Mixed Platforms.Build.0 = Debug|Win32
		{8C505E51-076C-4F6E-9539-83ABF9F465D4}.Debug|Win32.ActiveCfg = Debug|Win32
		{8C505E51-076C-4F6E-9539-83ABF9F465D4}.Debug|Win32.Build.0 = Debug|Win32
		{8C505E51-076C-4F6E-9539-83ABF9F465D4}.Release|Any CPU.ActiveCfg = Release|Win32
		{8C505E51-076C-4F6E-9539-83ABF9F465D4}.Release|Mixed Platforms.ActiveCfg = Release|Win32
		{8C505E51-076C-4F6E-9539-83ABF9F465D4}.Release|Mixed Platforms.Build.0 = Release|Win32
		{8C505E51-076C-4F6E-9539-83ABF9F465D4}.Release|Win32.ActiveCfg = Release|Win32
		{8C505E51-076C-4F6E-9539-83ABF9F465D4}.Release|Win32.Build.0 = Release|Win32
	EndGlobalSection
	GlobalSection(SolutionProperties) = preSolution
		HideSolutionNode = FALSE
	EndGlobalSection
	GlobalSection(NestedProjects) = preSolution
		{CB6D17B5-9C0B-4D40-9969-DF95009BCFF3} = {E4F23A83-D891-4703-A9DE-014642FFD9EC}
		{C8DA4D2C-BA37-4786-B9F0-C4B52F1A51CE} = {E4F23A83-D891-4703-A9DE-014642FFD9EC}
		{F9FC191A-DF6D-4529-AFCE-6646B5EB33D5} = {DFD40987-49AD-48A2-AA62-2CB6B9BECE59}
		{FEFD2062-F8C2-44DE-8B0A-A2595DC78F8F} = {DFD40987-49AD-48A2-AA62-2CB6B9BECE59}
		{D6974412-A511-4890-A78B-843E6B51A8BE} = {DFD40987-49AD-48A2-AA62-2CB6B9BECE59}
		{0887EB05-3C47-4320-B16A-30B25C0FF6D3} = {B2DB1223-30CE-4888-B89A-43C5B5797DDC}
		{39546416-E693-4796-AD0C-C39C195963E3} = {B2DB1223-30CE-4888-B89A-43C5B5797DDC}
		{F7C5A2A0-4676-4304-A618-6CA74A81AB62} = {B2DB1223-30CE-4888-B89A-43C5B5797DDC}
		{3260879C-8461-4F0C-B154-5798D5660EAB} = {B2DB1223-30CE-4888-B89A-43C5B5797DDC}
		{32EEB36D-08CB-4847-8361-F1877E538D43} = {2B733CFA-970A-4774-BD5B-F5F0BFC15C84}
		{8C505E51-076C-4F6E-9539-83ABF9F465D4} = {2B733CFA-970A-4774-BD5B-F5F0BFC15C84}
		{2FAF8740-D612-4E17-A8B3-6DCE7C6174D4} = {2B733CFA-970A-4774-BD5B-F5F0BFC15C84}
	EndGlobalSection
EndGlobal
